
Microsoft Visual Studio Solution File, Format Version 12.00
# Visual Studio Version 16
VisualStudioVersion = 16.0.30717.126
MinimumVisualStudioVersion = 10.0.40219.1
Project("{FAE04EC0-301F-11D3-BF4B-00C04F79EFBC}") = "AbstrakteKlasse", "AbstrakteKlasse\AbstrakteKlasse.csproj", "{391B2AD8-5C62-4D1E-87E5-38EC046CB84A}"
EndProject
Global
	GlobalSection(SolutionConfigurationPlatforms) = preSolution
		Debug|Any CPU = Debug|Any CPU
		Release|Any CPU = Release|Any CPU
	EndGlobalSection
	GlobalSection(ProjectConfigurationPlatforms) = postSolution
		{391B2AD8-5C62-4D1E-87E5-38EC046CB84A}.Debug|Any CPU.ActiveCfg = Debug|Any CPU
		{391B2AD8-5C62-4D1E-87E5-38EC046CB84A}.Debug|Any CPU.Build.0 = Debug|Any CPU
		{391B2AD8-5C62-4D1E-87E5-38EC046CB84A}.Release|Any CPU.ActiveCfg = Release|Any CPU
		{391B2AD8-5C62-4D1E-87E5-38EC046CB84A}.Release|Any CPU.Build.0 = Release|Any CPU
	EndGlobalSection
	GlobalSection(SolutionProperties) = preSolution
		HideSolutionNode = FALSE
	EndGlobalSection
	GlobalSection(ExtensibilityGlobals) = postSolution
		SolutionGuid = {DACA5F7E-90B2-41BA-9D96-58FE2162827F}
	EndGlobalSection
EndGlobal
