
Microsoft Visual Studio Solution File, Format Version 12.00
# Visual Studio Version 16
VisualStudioVersion = 16.0.29123.88
MinimumVisualStudioVersion = 10.0.40219.1
Project("{FAE04EC0-301F-11D3-BF4B-00C04F79EFBC}") = "TeilnehmerVerwaltung_v1", "TeilnehmerVerwaltung_v1\TeilnehmerVerwaltung_v1.csproj", "{D0864282-C60F-4A66-A59F-F8B328253139}"
EndProject
Global
	GlobalSection(SolutionConfigurationPlatforms) = preSolution
		Debug|Any CPU = Debug|Any CPU
		Release|Any CPU = Release|Any CPU
	EndGlobalSection
	GlobalSection(ProjectConfigurationPlatforms) = postSolution
		{D0864282-C60F-4A66-A59F-F8B328253139}.Debug|Any CPU.ActiveCfg = Debug|Any CPU
		{D0864282-C60F-4A66-A59F-F8B328253139}.Debug|Any CPU.Build.0 = Debug|Any CPU
		{D0864282-C60F-4A66-A59F-F8B328253139}.Release|Any CPU.ActiveCfg = Release|Any CPU
		{D0864282-C60F-4A66-A59F-F8B328253139}.Release|Any CPU.Build.0 = Release|Any CPU
	EndGlobalSection
	GlobalSection(SolutionProperties) = preSolution
		HideSolutionNode = FALSE
	EndGlobalSection
	GlobalSection(ExtensibilityGlobals) = postSolution
		SolutionGuid = {56567104-1B6D-4BAE-88C2-DA967FC9C8D8}
	EndGlobalSection
EndGlobal
