
Microsoft Visual Studio Solution File, Format Version 12.00
# Visual Studio Version 16
VisualStudioVersion = 16.0.29123.88
MinimumVisualStudioVersion = 10.0.40219.1
Project("{FAE04EC0-301F-11D3-BF4B-00C04F79EFBC}") = "EmployeeBeispiel", "EmployeeBeispiel\EmployeeBeispiel.csproj", "{90166D3A-73F9-4ADF-883F-6276E51C774F}"
EndProject
Global
	GlobalSection(SolutionConfigurationPlatforms) = preSolution
		Debug|Any CPU = Debug|Any CPU
		Release|Any CPU = Release|Any CPU
	EndGlobalSection
	GlobalSection(ProjectConfigurationPlatforms) = postSolution
		{90166D3A-73F9-4ADF-883F-6276E51C774F}.Debug|Any CPU.ActiveCfg = Debug|Any CPU
		{90166D3A-73F9-4ADF-883F-6276E51C774F}.Debug|Any CPU.Build.0 = Debug|Any CPU
		{90166D3A-73F9-4ADF-883F-6276E51C774F}.Release|Any CPU.ActiveCfg = Release|Any CPU
		{90166D3A-73F9-4ADF-883F-6276E51C774F}.Release|Any CPU.Build.0 = Release|Any CPU
	EndGlobalSection
	GlobalSection(SolutionProperties) = preSolution
		HideSolutionNode = FALSE
	EndGlobalSection
	GlobalSection(ExtensibilityGlobals) = postSolution
		SolutionGuid = {AB12561E-BD6F-4C99-B43C-F0B23D9F3032}
	EndGlobalSection
EndGlobal
