
Microsoft Visual Studio Solution File, Format Version 12.00
# Visual Studio Version 16
VisualStudioVersion = 16.0.29123.88
MinimumVisualStudioVersion = 10.0.40219.1
Project("{FAE04EC0-301F-11D3-BF4B-00C04F79EFBC}") = "EingabenNumerischeWerte", "EingabenNumerischeWerte\EingabenNumerischeWerte.csproj", "{7E8D7D21-F4C4-447B-B1CB-84732934F8E6}"
EndProject
Global
	GlobalSection(SolutionConfigurationPlatforms) = preSolution
		Debug|Any CPU = Debug|Any CPU
		Release|Any CPU = Release|Any CPU
	EndGlobalSection
	GlobalSection(ProjectConfigurationPlatforms) = postSolution
		{7E8D7D21-F4C4-447B-B1CB-84732934F8E6}.Debug|Any CPU.ActiveCfg = Debug|Any CPU
		{7E8D7D21-F4C4-447B-B1CB-84732934F8E6}.Debug|Any CPU.Build.0 = Debug|Any CPU
		{7E8D7D21-F4C4-447B-B1CB-84732934F8E6}.Release|Any CPU.ActiveCfg = Release|Any CPU
		{7E8D7D21-F4C4-447B-B1CB-84732934F8E6}.Release|Any CPU.Build.0 = Release|Any CPU
	EndGlobalSection
	GlobalSection(SolutionProperties) = preSolution
		HideSolutionNode = FALSE
	EndGlobalSection
	GlobalSection(ExtensibilityGlobals) = postSolution
		SolutionGuid = {9F978BF7-6A6D-4F53-89E5-CDB561A6A1E8}
	EndGlobalSection
EndGlobal
