
Microsoft Visual Studio Solution File, Format Version 12.00
# Visual Studio Version 16
VisualStudioVersion = 16.0.29123.88
MinimumVisualStudioVersion = 10.0.40219.1
Project("{FAE04EC0-301F-11D3-BF4B-00C04F79EFBC}") = "GrundlagenEingaben", "GrundlagenEingaben\GrundlagenEingaben.csproj", "{7F0BA104-A401-4C2C-BDF3-6783599EC40E}"
EndProject
Global
	GlobalSection(SolutionConfigurationPlatforms) = preSolution
		Debug|Any CPU = Debug|Any CPU
		Release|Any CPU = Release|Any CPU
	EndGlobalSection
	GlobalSection(ProjectConfigurationPlatforms) = postSolution
		{7F0BA104-A401-4C2C-BDF3-6783599EC40E}.Debug|Any CPU.ActiveCfg = Debug|Any CPU
		{7F0BA104-A401-4C2C-BDF3-6783599EC40E}.Debug|Any CPU.Build.0 = Debug|Any CPU
		{7F0BA104-A401-4C2C-BDF3-6783599EC40E}.Release|Any CPU.ActiveCfg = Release|Any CPU
		{7F0BA104-A401-4C2C-BDF3-6783599EC40E}.Release|Any CPU.Build.0 = Release|Any CPU
	EndGlobalSection
	GlobalSection(SolutionProperties) = preSolution
		HideSolutionNode = FALSE
	EndGlobalSection
	GlobalSection(ExtensibilityGlobals) = postSolution
		SolutionGuid = {E4F58637-37C1-4709-8001-B8A81DDC9451}
	EndGlobalSection
EndGlobal
