
Microsoft Visual Studio Solution File, Format Version 12.00
# Visual Studio Version 16
VisualStudioVersion = 16.0.30717.126
MinimumVisualStudioVersion = 10.0.40219.1
Project("{FAE04EC0-301F-11D3-BF4B-00C04F79EFBC}") = "Wifi.PlaylistEditor", "Wifi.PlaylistEditor\Wifi.PlaylistEditor.csproj", "{9B5A01D9-EED4-4554-BCFF-04255FD43AE0}"
EndProject
Project("{FAE04EC0-301F-11D3-BF4B-00C04F79EFBC}") = "Wifi.PlaylistEditor.Types", "Wifi.PlaylistEditor.Types\Wifi.PlaylistEditor.Types.csproj", "{48F389A2-70BE-416D-BE44-594B2D61EF56}"
EndProject
Project("{FAE04EC0-301F-11D3-BF4B-00C04F79EFBC}") = "Wifi.PlaylistEditor.Items", "Wifi.PlaylistEditor.Items\Wifi.PlaylistEditor.Items.csproj", "{7DD0E414-8C30-464A-9FC5-0284956EECDE}"
EndProject
Project("{FAE04EC0-301F-11D3-BF4B-00C04F79EFBC}") = "Wifi.PlaylistEditor.Items.Tests", "Wifi.PlaylistEditor.Items.Tests\Wifi.PlaylistEditor.Items.Tests.csproj", "{E5489F25-BBE6-46DE-A7C2-CB68F9144AFE}"
EndProject
Project("{FAE04EC0-301F-11D3-BF4B-00C04F79EFBC}") = "Wifi.PlaylistEditor.Types.Tests", "Wifi.PlaylistEditor.Types.Tests\Wifi.PlaylistEditor.Types.Tests.csproj", "{B77BA989-4975-4A51-B90D-7BC54793BEA1}"
EndProject
Global
	GlobalSection(SolutionConfigurationPlatforms) = preSolution
		Debug|Any CPU = Debug|Any CPU
		Release|Any CPU = Release|Any CPU
	EndGlobalSection
	GlobalSection(ProjectConfigurationPlatforms) = postSolution
		{9B5A01D9-EED4-4554-BCFF-04255FD43AE0}.Debug|Any CPU.ActiveCfg = Debug|Any CPU
		{9B5A01D9-EED4-4554-BCFF-04255FD43AE0}.Debug|Any CPU.Build.0 = Debug|Any CPU
		{9B5A01D9-EED4-4554-BCFF-04255FD43AE0}.Release|Any CPU.ActiveCfg = Release|Any CPU
		{9B5A01D9-EED4-4554-BCFF-04255FD43AE0}.Release|Any CPU.Build.0 = Release|Any CPU
		{48F389A2-70BE-416D-BE44-594B2D61EF56}.Debug|Any CPU.ActiveCfg = Debug|Any CPU
		{48F389A2-70BE-416D-BE44-594B2D61EF56}.Debug|Any CPU.Build.0 = Debug|Any CPU
		{48F389A2-70BE-416D-BE44-594B2D61EF56}.Release|Any CPU.ActiveCfg = Release|Any CPU
		{48F389A2-70BE-416D-BE44-594B2D61EF56}.Release|Any CPU.Build.0 = Release|Any CPU
		{7DD0E414-8C30-464A-9FC5-0284956EECDE}.Debug|Any CPU.ActiveCfg = Debug|Any CPU
		{7DD0E414-8C30-464A-9FC5-0284956EECDE}.Debug|Any CPU.Build.0 = Debug|Any CPU
		{7DD0E414-8C30-464A-9FC5-0284956EECDE}.Release|Any CPU.ActiveCfg = Release|Any CPU
		{7DD0E414-8C30-464A-9FC5-0284956EECDE}.Release|Any CPU.Build.0 = Release|Any CPU
		{E5489F25-BBE6-46DE-A7C2-CB68F9144AFE}.Debug|Any CPU.ActiveCfg = Debug|Any CPU
		{E5489F25-BBE6-46DE-A7C2-CB68F9144AFE}.Debug|Any CPU.Build.0 = Debug|Any CPU
		{E5489F25-BBE6-46DE-A7C2-CB68F9144AFE}.Release|Any CPU.ActiveCfg = Release|Any CPU
		{E5489F25-BBE6-46DE-A7C2-CB68F9144AFE}.Release|Any CPU.Build.0 = Release|Any CPU
		{B77BA989-4975-4A51-B90D-7BC54793BEA1}.Debug|Any CPU.ActiveCfg = Debug|Any CPU
		{B77BA989-4975-4A51-B90D-7BC54793BEA1}.Debug|Any CPU.Build.0 = Debug|Any CPU
		{B77BA989-4975-4A51-B90D-7BC54793BEA1}.Release|Any CPU.ActiveCfg = Release|Any CPU
		{B77BA989-4975-4A51-B90D-7BC54793BEA1}.Release|Any CPU.Build.0 = Release|Any CPU
	EndGlobalSection
	GlobalSection(SolutionProperties) = preSolution
		HideSolutionNode = FALSE
	EndGlobalSection
	GlobalSection(ExtensibilityGlobals) = postSolution
		SolutionGuid = {E401069F-3816-44B1-BA37-ACAA3B50FE80}
	EndGlobalSection
EndGlobal
